
Microsoft Visual Studio Solution File, Format Version 12.00
# Visual Studio Version 17
VisualStudioVersion = 17.4.33213.308
MinimumVisualStudioVersion = 10.0.40219.1
Project("{9A19103F-16F7-4668-BE54-9A1E7A4F7556}") = "RESTful-APIs", "RESTful-APIs.csproj", "{0F567550-BC59-4EC6-938D-EDDAEF8AC765}"
EndProject
Global
	GlobalSection(SolutionConfigurationPlatforms) = preSolution
		Debug|Any CPU = Debug|Any CPU
		Release|Any CPU = Release|Any CPU
	EndGlobalSection
	GlobalSection(ProjectConfigurationPlatforms) = postSolution
		{0F567550-BC59-4EC6-938D-EDDAEF8AC765}.Debug|Any CPU.ActiveCfg = Debug|Any CPU
		{0F567550-BC59-4EC6-938D-EDDAEF8AC765}.Debug|Any CPU.Build.0 = Debug|Any CPU
		{0F567550-BC59-4EC6-938D-EDDAEF8AC765}.Release|Any CPU.ActiveCfg = Release|Any CPU
		{0F567550-BC59-4EC6-938D-EDDAEF8AC765}.Release|Any CPU.Build.0 = Release|Any CPU
	EndGlobalSection
	GlobalSection(SolutionProperties) = preSolution
		HideSolutionNode = FALSE
	EndGlobalSection
	GlobalSection(ExtensibilityGlobals) = postSolution
		SolutionGuid = {4EDCB49A-391E-446F-85EB-E30E1541C1BC}
	EndGlobalSection
EndGlobal
